{
    "name": "better-extend-keybindings",
    "version": "0.0.2",
    "lockfileVersion": 2,
    "requires": true,
    "packages": {
        "": {
            "name": "better-extend-keybindings",
            "version": "0.0.2",
            "engines": {
                "vscode": "^1.22.0"
            }
        }
    }
}
